// !$*UTF8*$!
{
	archiveVersion = 1;
	classes = {
	};
	objectVersion = 46;
	objects = {

/* Begin PBXBuildFile section */
		C842166A1C3BCF8900680C8E /* main.m in Sources */ = {isa = PBXBuildFile; fileRef = C84216691C3BCF8900680C8E /* main.m */; };
		C842166D1C3BCF8900680C8E /* AppDelegate.m in Sources */ = {isa = PBXBuildFile; fileRef = C842166C1C3BCF8900680C8E /* AppDelegate.m */; };
		C84216701C3BCF8900680C8E /* ViewController.m in Sources */ = {isa = PBXBuildFile; fileRef = C842166F1C3BCF8900680C8E /* ViewController.m */; };
		C84216731C3BCF8900680C8E /* Main.storyboard in Resources */ = {isa = PBXBuildFile; fileRef = C84216711C3BCF8900680C8E /* Main.storyboard */; };
		C84216751C3BCF8900680C8E /* Assets.xcassets in Resources */ = {isa = PBXBuildFile; fileRef = C84216741C3BCF8900680C8E /* Assets.xcassets */; };
		C84216781C3BCF8900680C8E /* LaunchScreen.storyboard in Resources */ = {isa = PBXBuildFile; fileRef = C84216761C3BCF8900680C8E /* LaunchScreen.storyboard */; };
		C84216831C3BCF8900680C8E /* NHTestTests.m in Sources */ = {isa = PBXBuildFile; fileRef = C84216821C3BCF8900680C8E /* NHTestTests.m */; };
		C8667ECC1C48AE1000521066 /* area.plist in Resources */ = {isa = PBXBuildFile; fileRef = C8667ECB1C48AE1000521066 /* area.plist */; };
		C8667ECE1C48C94800521066 /* cityPlist.plist in Resources */ = {isa = PBXBuildFile; fileRef = C8667ECD1C48C94800521066 /* cityPlist.plist */; };
		C86693891C4CE1DC003B1F2A /* Expression_1@2x.png in Resources */ = {isa = PBXBuildFile; fileRef = C86693251C4CE1DC003B1F2A /* Expression_1@2x.png */; };
		C866938A1C4CE1DC003B1F2A /* Expression_2@2x.png in Resources */ = {isa = PBXBuildFile; fileRef = C86693261C4CE1DC003B1F2A /* Expression_2@2x.png */; };
		C866938B1C4CE1DC003B1F2A /* Expression_3@2x.png in Resources */ = {isa = PBXBuildFile; fileRef = C86693271C4CE1DC003B1F2A /* Expression_3@2x.png */; };
		C866938C1C4CE1DC003B1F2A /* Expression_4@2x.png in Resources */ = {isa = PBXBuildFile; fileRef = C86693281C4CE1DC003B1F2A /* Expression_4@2x.png */; };
		C866938D1C4CE1DC003B1F2A /* Expression_5@2x.png in Resources */ = {isa = PBXBuildFile; fileRef = C86693291C4CE1DC003B1F2A /* Expression_5@2x.png */; };
		C866938E1C4CE1DC003B1F2A /* Expression_6@2x.png in Resources */ = {isa = PBXBuildFile; fileRef = C866932A1C4CE1DC003B1F2A /* Expression_6@2x.png */; };
		C866938F1C4CE1DC003B1F2A /* Expression_7@2x.png in Resources */ = {isa = PBXBuildFile; fileRef = C866932B1C4CE1DC003B1F2A /* Expression_7@2x.png */; };
		C86693901C4CE1DC003B1F2A /* Expression_8@2x.png in Resources */ = {isa = PBXBuildFile; fileRef = C866932C1C4CE1DC003B1F2A /* Expression_8@2x.png */; };
		C86693911C4CE1DC003B1F2A /* Expression_9@2x.png in Resources */ = {isa = PBXBuildFile; fileRef = C866932D1C4CE1DC003B1F2A /* Expression_9@2x.png */; };
		C86693921C4CE1DC003B1F2A /* Expression_10@2x.png in Resources */ = {isa = PBXBuildFile; fileRef = C866932E1C4CE1DC003B1F2A /* Expression_10@2x.png */; };
		C86693931C4CE1DC003B1F2A /* Expression_11@2x.png in Resources */ = {isa = PBXBuildFile; fileRef = C866932F1C4CE1DC003B1F2A /* Expression_11@2x.png */; };
		C86693941C4CE1DC003B1F2A /* Expression_12@2x.png in Resources */ = {isa = PBXBuildFile; fileRef = C86693301C4CE1DC003B1F2A /* Expression_12@2x.png */; };
		C86693951C4CE1DC003B1F2A /* Expression_13@2x.png in Resources */ = {isa = PBXBuildFile; fileRef = C86693311C4CE1DC003B1F2A /* Expression_13@2x.png */; };
		C86693961C4CE1DC003B1F2A /* Expression_14@2x.png in Resources */ = {isa = PBXBuildFile; fileRef = C86693321C4CE1DC003B1F2A /* Expression_14@2x.png */; };
		C86693971C4CE1DC003B1F2A /* Expression_15@2x.png in Resources */ = {isa = PBXBuildFile; fileRef = C86693331C4CE1DC003B1F2A /* Expression_15@2x.png */; };
		C86693981C4CE1DC003B1F2A /* Expression_16@2x.png in Resources */ = {isa = PBXBuildFile; fileRef = C86693341C4CE1DC003B1F2A /* Expression_16@2x.png */; };
		C86693991C4CE1DC003B1F2A /* Expression_17@2x.png in Resources */ = {isa = PBXBuildFile; fileRef = C86693351C4CE1DC003B1F2A /* Expression_17@2x.png */; };
		C866939A1C4CE1DC003B1F2A /* Expression_18@2x.png in Resources */ = {isa = PBXBuildFile; fileRef = C86693361C4CE1DC003B1F2A /* Expression_18@2x.png */; };
		C866939B1C4CE1DC003B1F2A /* Expression_19@2x.png in Resources */ = {isa = PBXBuildFile; fileRef = C86693371C4CE1DC003B1F2A /* Expression_19@2x.png */; };
		C866939C1C4CE1DC003B1F2A /* Expression_20@2x.png in Resources */ = {isa = PBXBuildFile; fileRef = C86693381C4CE1DC003B1F2A /* Expression_20@2x.png */; };
		C866939D1C4CE1DC003B1F2A /* Expression_21@2x.png in Resources */ = {isa = PBXBuildFile; fileRef = C86693391C4CE1DC003B1F2A /* Expression_21@2x.png */; };
		C866939E1C4CE1DC003B1F2A /* Expression_22@2x.png in Resources */ = {isa = PBXBuildFile; fileRef = C866933A1C4CE1DC003B1F2A /* Expression_22@2x.png */; };
		C866939F1C4CE1DC003B1F2A /* Expression_23@2x.png in Resources */ = {isa = PBXBuildFile; fileRef = C866933B1C4CE1DC003B1F2A /* Expression_23@2x.png */; };
		C86693A01C4CE1DC003B1F2A /* Expression_24@2x.png in Resources */ = {isa = PBXBuildFile; fileRef = C866933C1C4CE1DC003B1F2A /* Expression_24@2x.png */; };
		C86693A11C4CE1DC003B1F2A /* Expression_25@2x.png in Resources */ = {isa = PBXBuildFile; fileRef = C866933D1C4CE1DC003B1F2A /* Expression_25@2x.png */; };
		C86693A21C4CE1DC003B1F2A /* Expression_26@2x.png in Resources */ = {isa = PBXBuildFile; fileRef = C866933E1C4CE1DC003B1F2A /* Expression_26@2x.png */; };
		C86693A31C4CE1DC003B1F2A /* Expression_27@2x.png in Resources */ = {isa = PBXBuildFile; fileRef = C866933F1C4CE1DC003B1F2A /* Expression_27@2x.png */; };
		C86693A41C4CE1DC003B1F2A /* Expression_28@2x.png in Resources */ = {isa = PBXBuildFile; fileRef = C86693401C4CE1DC003B1F2A /* Expression_28@2x.png */; };
		C86693A51C4CE1DC003B1F2A /* Expression_29@2x.png in Resources */ = {isa = PBXBuildFile; fileRef = C86693411C4CE1DC003B1F2A /* Expression_29@2x.png */; };
		C86693A61C4CE1DC003B1F2A /* Expression_30@2x.png in Resources */ = {isa = PBXBuildFile; fileRef = C86693421C4CE1DC003B1F2A /* Expression_30@2x.png */; };
		C86693A71C4CE1DC003B1F2A /* Expression_31@2x.png in Resources */ = {isa = PBXBuildFile; fileRef = C86693431C4CE1DC003B1F2A /* Expression_31@2x.png */; };
		C86693A81C4CE1DC003B1F2A /* Expression_32@2x.png in Resources */ = {isa = PBXBuildFile; fileRef = C86693441C4CE1DC003B1F2A /* Expression_32@2x.png */; };
		C86693A91C4CE1DD003B1F2A /* Expression_33@2x.png in Resources */ = {isa = PBXBuildFile; fileRef = C86693451C4CE1DC003B1F2A /* Expression_33@2x.png */; };
		C86693AA1C4CE1DD003B1F2A /* Expression_34@2x.png in Resources */ = {isa = PBXBuildFile; fileRef = C86693461C4CE1DC003B1F2A /* Expression_34@2x.png */; };
		C86693AB1C4CE1DD003B1F2A /* Expression_35@2x.png in Resources */ = {isa = PBXBuildFile; fileRef = C86693471C4CE1DC003B1F2A /* Expression_35@2x.png */; };
		C86693AC1C4CE1DD003B1F2A /* Expression_36@2x.png in Resources */ = {isa = PBXBuildFile; fileRef = C86693481C4CE1DC003B1F2A /* Expression_36@2x.png */; };
		C86693AD1C4CE1DD003B1F2A /* Expression_37@2x.png in Resources */ = {isa = PBXBuildFile; fileRef = C86693491C4CE1DC003B1F2A /* Expression_37@2x.png */; };
		C86693AE1C4CE1DD003B1F2A /* Expression_38@2x.png in Resources */ = {isa = PBXBuildFile; fileRef = C866934A1C4CE1DC003B1F2A /* Expression_38@2x.png */; };
		C86693AF1C4CE1DD003B1F2A /* Expression_39@2x.png in Resources */ = {isa = PBXBuildFile; fileRef = C866934B1C4CE1DC003B1F2A /* Expression_39@2x.png */; };
		C86693B01C4CE1DD003B1F2A /* Expression_40@2x.png in Resources */ = {isa = PBXBuildFile; fileRef = C866934C1C4CE1DC003B1F2A /* Expression_40@2x.png */; };
		C86693B11C4CE1DD003B1F2A /* Expression_41@2x.png in Resources */ = {isa = PBXBuildFile; fileRef = C866934D1C4CE1DC003B1F2A /* Expression_41@2x.png */; };
		C86693B21C4CE1DD003B1F2A /* Expression_42@2x.png in Resources */ = {isa = PBXBuildFile; fileRef = C866934E1C4CE1DC003B1F2A /* Expression_42@2x.png */; };
		C86693B31C4CE1DD003B1F2A /* Expression_43@2x.png in Resources */ = {isa = PBXBuildFile; fileRef = C866934F1C4CE1DC003B1F2A /* Expression_43@2x.png */; };
		C86693B41C4CE1DD003B1F2A /* Expression_44@2x.png in Resources */ = {isa = PBXBuildFile; fileRef = C86693501C4CE1DC003B1F2A /* Expression_44@2x.png */; };
		C86693B51C4CE1DD003B1F2A /* Expression_45@2x.png in Resources */ = {isa = PBXBuildFile; fileRef = C86693511C4CE1DC003B1F2A /* Expression_45@2x.png */; };
		C86693B61C4CE1DD003B1F2A /* Expression_46@2x.png in Resources */ = {isa = PBXBuildFile; fileRef = C86693521C4CE1DC003B1F2A /* Expression_46@2x.png */; };
		C86693B71C4CE1DD003B1F2A /* Expression_47@2x.png in Resources */ = {isa = PBXBuildFile; fileRef = C86693531C4CE1DC003B1F2A /* Expression_47@2x.png */; };
		C86693B81C4CE1DD003B1F2A /* Expression_48@2x.png in Resources */ = {isa = PBXBuildFile; fileRef = C86693541C4CE1DC003B1F2A /* Expression_48@2x.png */; };
		C86693B91C4CE1DD003B1F2A /* Expression_49@2x.png in Resources */ = {isa = PBXBuildFile; fileRef = C86693551C4CE1DC003B1F2A /* Expression_49@2x.png */; };
		C86693BA1C4CE1DD003B1F2A /* Expression_50@2x.png in Resources */ = {isa = PBXBuildFile; fileRef = C86693561C4CE1DC003B1F2A /* Expression_50@2x.png */; };
		C86693BB1C4CE1DD003B1F2A /* Expression_51@2x.png in Resources */ = {isa = PBXBuildFile; fileRef = C86693571C4CE1DC003B1F2A /* Expression_51@2x.png */; };
		C86693BC1C4CE1DD003B1F2A /* Expression_52@2x.png in Resources */ = {isa = PBXBuildFile; fileRef = C86693581C4CE1DC003B1F2A /* Expression_52@2x.png */; };
		C86693BD1C4CE1DD003B1F2A /* Expression_53@2x.png in Resources */ = {isa = PBXBuildFile; fileRef = C86693591C4CE1DC003B1F2A /* Expression_53@2x.png */; };
		C86693BE1C4CE1DD003B1F2A /* Expression_54@2x.png in Resources */ = {isa = PBXBuildFile; fileRef = C866935A1C4CE1DC003B1F2A /* Expression_54@2x.png */; };
		C86693BF1C4CE1DD003B1F2A /* Expression_55@2x.png in Resources */ = {isa = PBXBuildFile; fileRef = C866935B1C4CE1DC003B1F2A /* Expression_55@2x.png */; };
		C86693C01C4CE1DD003B1F2A /* Expression_56@2x.png in Resources */ = {isa = PBXBuildFile; fileRef = C866935C1C4CE1DC003B1F2A /* Expression_56@2x.png */; };
		C86693C11C4CE1DD003B1F2A /* Expression_57@2x.png in Resources */ = {isa = PBXBuildFile; fileRef = C866935D1C4CE1DC003B1F2A /* Expression_57@2x.png */; };
		C86693C21C4CE1DD003B1F2A /* Expression_58@2x.png in Resources */ = {isa = PBXBuildFile; fileRef = C866935E1C4CE1DC003B1F2A /* Expression_58@2x.png */; };
		C86693C31C4CE1DD003B1F2A /* Expression_59@2x.png in Resources */ = {isa = PBXBuildFile; fileRef = C866935F1C4CE1DC003B1F2A /* Expression_59@2x.png */; };
		C86693C41C4CE1DD003B1F2A /* Expression_60@2x.png in Resources */ = {isa = PBXBuildFile; fileRef = C86693601C4CE1DC003B1F2A /* Expression_60@2x.png */; };
		C86693C51C4CE1DD003B1F2A /* Expression_61@2x.png in Resources */ = {isa = PBXBuildFile; fileRef = C86693611C4CE1DC003B1F2A /* Expression_61@2x.png */; };
		C86693C61C4CE1DD003B1F2A /* Expression_62@2x.png in Resources */ = {isa = PBXBuildFile; fileRef = C86693621C4CE1DC003B1F2A /* Expression_62@2x.png */; };
		C86693C71C4CE1DD003B1F2A /* Expression_63@2x.png in Resources */ = {isa = PBXBuildFile; fileRef = C86693631C4CE1DC003B1F2A /* Expression_63@2x.png */; };
		C86693C81C4CE1DD003B1F2A /* Expression_64@2x.png in Resources */ = {isa = PBXBuildFile; fileRef = C86693641C4CE1DC003B1F2A /* Expression_64@2x.png */; };
		C86693C91C4CE1DD003B1F2A /* Expression_65@2x.png in Resources */ = {isa = PBXBuildFile; fileRef = C86693651C4CE1DC003B1F2A /* Expression_65@2x.png */; };
		C86693CA1C4CE1DD003B1F2A /* Expression_66@2x.png in Resources */ = {isa = PBXBuildFile; fileRef = C86693661C4CE1DC003B1F2A /* Expression_66@2x.png */; };
		C86693CB1C4CE1DD003B1F2A /* Expression_67@2x.png in Resources */ = {isa = PBXBuildFile; fileRef = C86693671C4CE1DC003B1F2A /* Expression_67@2x.png */; };
		C86693CC1C4CE1DD003B1F2A /* Expression_68@2x.png in Resources */ = {isa = PBXBuildFile; fileRef = C86693681C4CE1DC003B1F2A /* Expression_68@2x.png */; };
		C86693CD1C4CE1DD003B1F2A /* Expression_69@2x.png in Resources */ = {isa = PBXBuildFile; fileRef = C86693691C4CE1DC003B1F2A /* Expression_69@2x.png */; };
		C86693CE1C4CE1DD003B1F2A /* Expression_70@2x.png in Resources */ = {isa = PBXBuildFile; fileRef = C866936A1C4CE1DC003B1F2A /* Expression_70@2x.png */; };
		C86693CF1C4CE1DD003B1F2A /* Expression_71@2x.png in Resources */ = {isa = PBXBuildFile; fileRef = C866936B1C4CE1DC003B1F2A /* Expression_71@2x.png */; };
		C86693D01C4CE1DD003B1F2A /* Expression_72@2x.png in Resources */ = {isa = PBXBuildFile; fileRef = C866936C1C4CE1DC003B1F2A /* Expression_72@2x.png */; };
		C86693D11C4CE1DD003B1F2A /* Expression_73@2x.png in Resources */ = {isa = PBXBuildFile; fileRef = C866936D1C4CE1DC003B1F2A /* Expression_73@2x.png */; };
		C86693D21C4CE1DD003B1F2A /* Expression_74@2x.png in Resources */ = {isa = PBXBuildFile; fileRef = C866936E1C4CE1DC003B1F2A /* Expression_74@2x.png */; };
		C86693D31C4CE1DD003B1F2A /* Expression_75@2x.png in Resources */ = {isa = PBXBuildFile; fileRef = C866936F1C4CE1DC003B1F2A /* Expression_75@2x.png */; };
		C86693D41C4CE1DD003B1F2A /* Expression_76@2x.png in Resources */ = {isa = PBXBuildFile; fileRef = C86693701C4CE1DC003B1F2A /* Expression_76@2x.png */; };
		C86693D51C4CE1DD003B1F2A /* Expression_77@2x.png in Resources */ = {isa = PBXBuildFile; fileRef = C86693711C4CE1DC003B1F2A /* Expression_77@2x.png */; };
		C86693D61C4CE1DD003B1F2A /* Expression_78@2x.png in Resources */ = {isa = PBXBuildFile; fileRef = C86693721C4CE1DC003B1F2A /* Expression_78@2x.png */; };
		C86693D71C4CE1DD003B1F2A /* Expression_79@2x.png in Resources */ = {isa = PBXBuildFile; fileRef = C86693731C4CE1DC003B1F2A /* Expression_79@2x.png */; };
		C86693D81C4CE1DD003B1F2A /* Expression_80@2x.png in Resources */ = {isa = PBXBuildFile; fileRef = C86693741C4CE1DC003B1F2A /* Expression_80@2x.png */; };
		C86693D91C4CE1DD003B1F2A /* Expression_81@2x.png in Resources */ = {isa = PBXBuildFile; fileRef = C86693751C4CE1DC003B1F2A /* Expression_81@2x.png */; };
		C86693DA1C4CE1DD003B1F2A /* Expression_82@2x.png in Resources */ = {isa = PBXBuildFile; fileRef = C86693761C4CE1DC003B1F2A /* Expression_82@2x.png */; };
		C86693DB1C4CE1DD003B1F2A /* Expression_83@2x.png in Resources */ = {isa = PBXBuildFile; fileRef = C86693771C4CE1DC003B1F2A /* Expression_83@2x.png */; };
		C86693DC1C4CE1DD003B1F2A /* Expression_84@2x.png in Resources */ = {isa = PBXBuildFile; fileRef = C86693781C4CE1DC003B1F2A /* Expression_84@2x.png */; };
		C86693DD1C4CE1DD003B1F2A /* Expression_85@2x.png in Resources */ = {isa = PBXBuildFile; fileRef = C86693791C4CE1DC003B1F2A /* Expression_85@2x.png */; };
		C86693DE1C4CE1DD003B1F2A /* Expression_86@2x.png in Resources */ = {isa = PBXBuildFile; fileRef = C866937A1C4CE1DC003B1F2A /* Expression_86@2x.png */; };
		C86693DF1C4CE1DD003B1F2A /* Expression_87@2x.png in Resources */ = {isa = PBXBuildFile; fileRef = C866937B1C4CE1DC003B1F2A /* Expression_87@2x.png */; };
		C86693E01C4CE1DD003B1F2A /* Expression_88@2x.png in Resources */ = {isa = PBXBuildFile; fileRef = C866937C1C4CE1DC003B1F2A /* Expression_88@2x.png */; };
		C86693E11C4CE1DD003B1F2A /* Expression_89@2x.png in Resources */ = {isa = PBXBuildFile; fileRef = C866937D1C4CE1DC003B1F2A /* Expression_89@2x.png */; };
		C86693E21C4CE1DD003B1F2A /* Expression_90@2x.png in Resources */ = {isa = PBXBuildFile; fileRef = C866937E1C4CE1DC003B1F2A /* Expression_90@2x.png */; };
		C86693E31C4CE1DD003B1F2A /* Expression_91@2x.png in Resources */ = {isa = PBXBuildFile; fileRef = C866937F1C4CE1DC003B1F2A /* Expression_91@2x.png */; };
		C86693E41C4CE1DD003B1F2A /* Expression_92@2x.png in Resources */ = {isa = PBXBuildFile; fileRef = C86693801C4CE1DC003B1F2A /* Expression_92@2x.png */; };
		C86693E51C4CE1DD003B1F2A /* Expression_93@2x.png in Resources */ = {isa = PBXBuildFile; fileRef = C86693811C4CE1DC003B1F2A /* Expression_93@2x.png */; };
		C86693E61C4CE1DD003B1F2A /* Expression_94@2x.png in Resources */ = {isa = PBXBuildFile; fileRef = C86693821C4CE1DC003B1F2A /* Expression_94@2x.png */; };
		C86693E71C4CE1DD003B1F2A /* Expression_95@2x.png in Resources */ = {isa = PBXBuildFile; fileRef = C86693831C4CE1DC003B1F2A /* Expression_95@2x.png */; };
		C86693E81C4CE1DD003B1F2A /* Expression_96@2x.png in Resources */ = {isa = PBXBuildFile; fileRef = C86693841C4CE1DC003B1F2A /* Expression_96@2x.png */; };
		C86693E91C4CE1DD003B1F2A /* Expression_97@2x.png in Resources */ = {isa = PBXBuildFile; fileRef = C86693851C4CE1DC003B1F2A /* Expression_97@2x.png */; };
		C86693EA1C4CE1DD003B1F2A /* Expression_98@2x.png in Resources */ = {isa = PBXBuildFile; fileRef = C86693861C4CE1DC003B1F2A /* Expression_98@2x.png */; };
		C86693EB1C4CE1DD003B1F2A /* Expression_99@2x.png in Resources */ = {isa = PBXBuildFile; fileRef = C86693871C4CE1DC003B1F2A /* Expression_99@2x.png */; };
		C86693EC1C4CE1DD003B1F2A /* Expression_100@2x.png in Resources */ = {isa = PBXBuildFile; fileRef = C86693881C4CE1DC003B1F2A /* Expression_100@2x.png */; };
/* End PBXBuildFile section */

/* Begin PBXContainerItemProxy section */
		C842167F1C3BCF8900680C8E /* PBXContainerItemProxy */ = {
			isa = PBXContainerItemProxy;
			containerPortal = C842165D1C3BCF8900680C8E /* Project object */;
			proxyType = 1;
			remoteGlobalIDString = C84216641C3BCF8900680C8E;
			remoteInfo = NHTest;
		};
/* End PBXContainerItemProxy section */

/* Begin PBXFileReference section */
		C84216651C3BCF8900680C8E /* NHTest.app */ = {isa = PBXFileReference; explicitFileType = wrapper.application; includeInIndex = 0; path = NHTest.app; sourceTree = BUILT_PRODUCTS_DIR; };
		C84216691C3BCF8900680C8E /* main.m */ = {isa = PBXFileReference; lastKnownFileType = sourcecode.c.objc; path = main.m; sourceTree = "<group>"; };
		C842166B1C3BCF8900680C8E /* AppDelegate.h */ = {isa = PBXFileReference; lastKnownFileType = sourcecode.c.h; path = AppDelegate.h; sourceTree = "<group>"; };
		C842166C1C3BCF8900680C8E /* AppDelegate.m */ = {isa = PBXFileReference; lastKnownFileType = sourcecode.c.objc; path = AppDelegate.m; sourceTree = "<group>"; };
		C842166E1C3BCF8900680C8E /* ViewController.h */ = {isa = PBXFileReference; lastKnownFileType = sourcecode.c.h; path = ViewController.h; sourceTree = "<group>"; };
		C842166F1C3BCF8900680C8E /* ViewController.m */ = {isa = PBXFileReference; lastKnownFileType = sourcecode.c.objc; path = ViewController.m; sourceTree = "<group>"; };
		C84216721C3BCF8900680C8E /* Base */ = {isa = PBXFileReference; lastKnownFileType = file.storyboard; name = Base; path = Base.lproj/Main.storyboard; sourceTree = "<group>"; };
		C84216741C3BCF8900680C8E /* Assets.xcassets */ = {isa = PBXFileReference; lastKnownFileType = folder.assetcatalog; path = Assets.xcassets; sourceTree = "<group>"; };
		C84216771C3BCF8900680C8E /* Base */ = {isa = PBXFileReference; lastKnownFileType = file.storyboard; name = Base; path = Base.lproj/LaunchScreen.storyboard; sourceTree = "<group>"; };
		C84216791C3BCF8900680C8E /* Info.plist */ = {isa = PBXFileReference; lastKnownFileType = text.plist.xml; path = Info.plist; sourceTree = "<group>"; };
		C842167E1C3BCF8900680C8E /* NHTestTests.xctest */ = {isa = PBXFileReference; explicitFileType = wrapper.cfbundle; includeInIndex = 0; path = NHTestTests.xctest; sourceTree = BUILT_PRODUCTS_DIR; };
		C84216821C3BCF8900680C8E /* NHTestTests.m */ = {isa = PBXFileReference; lastKnownFileType = sourcecode.c.objc; path = NHTestTests.m; sourceTree = "<group>"; };
		C84216841C3BCF8900680C8E /* Info.plist */ = {isa = PBXFileReference; lastKnownFileType = text.plist.xml; path = Info.plist; sourceTree = "<group>"; };
		C8667ECB1C48AE1000521066 /* area.plist */ = {isa = PBXFileReference; fileEncoding = 4; lastKnownFileType = text.plist.xml; path = area.plist; sourceTree = "<group>"; };
		C8667ECD1C48C94800521066 /* cityPlist.plist */ = {isa = PBXFileReference; fileEncoding = 4; lastKnownFileType = text.plist.xml; path = cityPlist.plist; sourceTree = "<group>"; };
		C86693251C4CE1DC003B1F2A /* Expression_1@2x.png */ = {isa = PBXFileReference; lastKnownFileType = image.png; path = "Expression_1@2x.png"; sourceTree = "<group>"; };
		C86693261C4CE1DC003B1F2A /* Expression_2@2x.png */ = {isa = PBXFileReference; lastKnownFileType = image.png; path = "Expression_2@2x.png"; sourceTree = "<group>"; };
		C86693271C4CE1DC003B1F2A /* Expression_3@2x.png */ = {isa = PBXFileReference; lastKnownFileType = image.png; path = "Expression_3@2x.png"; sourceTree = "<group>"; };
		C86693281C4CE1DC003B1F2A /* Expression_4@2x.png */ = {isa = PBXFileReference; lastKnownFileType = image.png; path = "Expression_4@2x.png"; sourceTree = "<group>"; };
		C86693291C4CE1DC003B1F2A /* Expression_5@2x.png */ = {isa = PBXFileReference; lastKnownFileType = image.png; path = "Expression_5@2x.png"; sourceTree = "<group>"; };
		C866932A1C4CE1DC003B1F2A /* Expression_6@2x.png */ = {isa = PBXFileReference; lastKnownFileType = image.png; path = "Expression_6@2x.png"; sourceTree = "<group>"; };
		C866932B1C4CE1DC003B1F2A /* Expression_7@2x.png */ = {isa = PBXFileReference; lastKnownFileType = image.png; path = "Expression_7@2x.png"; sourceTree = "<group>"; };
		C866932C1C4CE1DC003B1F2A /* Expression_8@2x.png */ = {isa = PBXFileReference; lastKnownFileType = image.png; path = "Expression_8@2x.png"; sourceTree = "<group>"; };
		C866932D1C4CE1DC003B1F2A /* Expression_9@2x.png */ = {isa = PBXFileReference; lastKnownFileType = image.png; path = "Expression_9@2x.png"; sourceTree = "<group>"; };
		C866932E1C4CE1DC003B1F2A /* Expression_10@2x.png */ = {isa = PBXFileReference; lastKnownFileType = image.png; path = "Expression_10@2x.png"; sourceTree = "<group>"; };
		C866932F1C4CE1DC003B1F2A /* Expression_11@2x.png */ = {isa = PBXFileReference; lastKnownFileType = image.png; path = "Expression_11@2x.png"; sourceTree = "<group>"; };
		C86693301C4CE1DC003B1F2A /* Expression_12@2x.png */ = {isa = PBXFileReference; lastKnownFileType = image.png; path = "Expression_12@2x.png"; sourceTree = "<group>"; };
		C86693311C4CE1DC003B1F2A /* Expression_13@2x.png */ = {isa = PBXFileReference; lastKnownFileType = image.png; path = "Expression_13@2x.png"; sourceTree = "<group>"; };
		C86693321C4CE1DC003B1F2A /* Expression_14@2x.png */ = {isa = PBXFileReference; lastKnownFileType = image.png; path = "Expression_14@2x.png"; sourceTree = "<group>"; };
		C86693331C4CE1DC003B1F2A /* Expression_15@2x.png */ = {isa = PBXFileReference; lastKnownFileType = image.png; path = "Expression_15@2x.png"; sourceTree = "<group>"; };
		C86693341C4CE1DC003B1F2A /* Expression_16@2x.png */ = {isa = PBXFileReference; lastKnownFileType = image.png; path = "Expression_16@2x.png"; sourceTree = "<group>"; };
		C86693351C4CE1DC003B1F2A /* Expression_17@2x.png */ = {isa = PBXFileReference; lastKnownFileType = image.png; path = "Expression_17@2x.png"; sourceTree = "<group>"; };
		C86693361C4CE1DC003B1F2A /* Expression_18@2x.png */ = {isa = PBXFileReference; lastKnownFileType = image.png; path = "Expression_18@2x.png"; sourceTree = "<group>"; };
		C86693371C4CE1DC003B1F2A /* Expression_19@2x.png */ = {isa = PBXFileReference; lastKnownFileType = image.png; path = "Expression_19@2x.png"; sourceTree = "<group>"; };
		C86693381C4CE1DC003B1F2A /* Expression_20@2x.png */ = {isa = PBXFileReference; lastKnownFileType = image.png; path = "Expression_20@2x.png"; sourceTree = "<group>"; };
		C86693391C4CE1DC003B1F2A /* Expression_21@2x.png */ = {isa = PBXFileReference; lastKnownFileType = image.png; path = "Expression_21@2x.png"; sourceTree = "<group>"; };
		C866933A1C4CE1DC003B1F2A /* Expression_22@2x.png */ = {isa = PBXFileReference; lastKnownFileType = image.png; path = "Expression_22@2x.png"; sourceTree = "<group>"; };
		C866933B1C4CE1DC003B1F2A /* Expression_23@2x.png */ = {isa = PBXFileReference; lastKnownFileType = image.png; path = "Expression_23@2x.png"; sourceTree = "<group>"; };
		C866933C1C4CE1DC003B1F2A /* Expression_24@2x.png */ = {isa = PBXFileReference; lastKnownFileType = image.png; path = "Expression_24@2x.png"; sourceTree = "<group>"; };
		C866933D1C4CE1DC003B1F2A /* Expression_25@2x.png */ = {isa = PBXFileReference; lastKnownFileType = image.png; path = "Expression_25@2x.png"; sourceTree = "<group>"; };
		C866933E1C4CE1DC003B1F2A /* Expression_26@2x.png */ = {isa = PBXFileReference; lastKnownFileType = image.png; path = "Expression_26@2x.png"; sourceTree = "<group>"; };
		C866933F1C4CE1DC003B1F2A /* Expression_27@2x.png */ = {isa = PBXFileReference; lastKnownFileType = image.png; path = "Expression_27@2x.png"; sourceTree = "<group>"; };
		C86693401C4CE1DC003B1F2A /* Expression_28@2x.png */ = {isa = PBXFileReference; lastKnownFileType = image.png; path = "Expression_28@2x.png"; sourceTree = "<group>"; };
		C86693411C4CE1DC003B1F2A /* Expression_29@2x.png */ = {isa = PBXFileReference; lastKnownFileType = image.png; path = "Expression_29@2x.png"; sourceTree = "<group>"; };
		C86693421C4CE1DC003B1F2A /* Expression_30@2x.png */ = {isa = PBXFileReference; lastKnownFileType = image.png; path = "Expression_30@2x.png"; sourceTree = "<group>"; };
		C86693431C4CE1DC003B1F2A /* Expression_31@2x.png */ = {isa = PBXFileReference; lastKnownFileType = image.png; path = "Expression_31@2x.png"; sourceTree = "<group>"; };
		C86693441C4CE1DC003B1F2A /* Expression_32@2x.png */ = {isa = PBXFileReference; lastKnownFileType = image.png; path = "Expression_32@2x.png"; sourceTree = "<group>"; };
		C86693451C4CE1DC003B1F2A /* Expression_33@2x.png */ = {isa = PBXFileReference; lastKnownFileType = image.png; path = "Expression_33@2x.png"; sourceTree = "<group>"; };
		C86693461C4CE1DC003B1F2A /* Expression_34@2x.png */ = {isa = PBXFileReference; lastKnownFileType = image.png; path = "Expression_34@2x.png"; sourceTree = "<group>"; };
		C86693471C4CE1DC003B1F2A /* Expression_35@2x.png */ = {isa = PBXFileReference; lastKnownFileType = image.png; path = "Expression_35@2x.png"; sourceTree = "<group>"; };
		C86693481C4CE1DC003B1F2A /* Expression_36@2x.png */ = {isa = PBXFileReference; lastKnownFileType = image.png; path = "Expression_36@2x.png"; sourceTree = "<group>"; };
		C86693491C4CE1DC003B1F2A /* Expression_37@2x.png */ = {isa = PBXFileReference; lastKnownFileType = image.png; path = "Expression_37@2x.png"; sourceTree = "<group>"; };
		C866934A1C4CE1DC003B1F2A /* Expression_38@2x.png */ = {isa = PBXFileReference; lastKnownFileType = image.png; path = "Expression_38@2x.png"; sourceTree = "<group>"; };
		C866934B1C4CE1DC003B1F2A /* Expression_39@2x.png */ = {isa = PBXFileReference; lastKnownFileType = image.png; path = "Expression_39@2x.png"; sourceTree = "<group>"; };
		C866934C1C4CE1DC003B1F2A /* Expression_40@2x.png */ = {isa = PBXFileReference; lastKnownFileType = image.png; path = "Expression_40@2x.png"; sourceTree = "<group>"; };
		C866934D1C4CE1DC003B1F2A /* Expression_41@2x.png */ = {isa = PBXFileReference; lastKnownFileType = image.png; path = "Expression_41@2x.png"; sourceTree = "<group>"; };
		C866934E1C4CE1DC003B1F2A /* Expression_42@2x.png */ = {isa = PBXFileReference; lastKnownFileType = image.png; path = "Expression_42@2x.png"; sourceTree = "<group>"; };
		C866934F1C4CE1DC003B1F2A /* Expression_43@2x.png */ = {isa = PBXFileReference; lastKnownFileType = image.png; path = "Expression_43@2x.png"; sourceTree = "<group>"; };
		C86693501C4CE1DC003B1F2A /* Expression_44@2x.png */ = {isa = PBXFileReference; lastKnownFileType = image.png; path = "Expression_44@2x.png"; sourceTree = "<group>"; };
		C86693511C4CE1DC003B1F2A /* Expression_45@2x.png */ = {isa = PBXFileReference; lastKnownFileType = image.png; path = "Expression_45@2x.png"; sourceTree = "<group>"; };
		C86693521C4CE1DC003B1F2A /* Expression_46@2x.png */ = {isa = PBXFileReference; lastKnownFileType = image.png; path = "Expression_46@2x.png"; sourceTree = "<group>"; };
		C86693531C4CE1DC003B1F2A /* Expression_47@2x.png */ = {isa = PBXFileReference; lastKnownFileType = image.png; path = "Expression_47@2x.png"; sourceTree = "<group>"; };
		C86693541C4CE1DC003B1F2A /* Expression_48@2x.png */ = {isa = PBXFileReference; lastKnownFileType = image.png; path = "Expression_48@2x.png"; sourceTree = "<group>"; };
		C86693551C4CE1DC003B1F2A /* Expression_49@2x.png */ = {isa = PBXFileReference; lastKnownFileType = image.png; path = "Expression_49@2x.png"; sourceTree = "<group>"; };
		C86693561C4CE1DC003B1F2A /* Expression_50@2x.png */ = {isa = PBXFileReference; lastKnownFileType = image.png; path = "Expression_50@2x.png"; sourceTree = "<group>"; };
		C86693571C4CE1DC003B1F2A /* Expression_51@2x.png */ = {isa = PBXFileReference; lastKnownFileType = image.png; path = "Expression_51@2x.png"; sourceTree = "<group>"; };
		C86693581C4CE1DC003B1F2A /* Expression_52@2x.png */ = {isa = PBXFileReference; lastKnownFileType = image.png; path = "Expression_52@2x.png"; sourceTree = "<group>"; };
		C86693591C4CE1DC003B1F2A /* Expression_53@2x.png */ = {isa = PBXFileReference; lastKnownFileType = image.png; path = "Expression_53@2x.png"; sourceTree = "<group>"; };
		C866935A1C4CE1DC003B1F2A /* Expression_54@2x.png */ = {isa = PBXFileReference; lastKnownFileType = image.png; path = "Expression_54@2x.png"; sourceTree = "<group>"; };
		C866935B1C4CE1DC003B1F2A /* Expression_55@2x.png */ = {isa = PBXFileReference; lastKnownFileType = image.png; path = "Expression_55@2x.png"; sourceTree = "<group>"; };
		C866935C1C4CE1DC003B1F2A /* Expression_56@2x.png */ = {isa = PBXFileReference; lastKnownFileType = image.png; path = "Expression_56@2x.png"; sourceTree = "<group>"; };
		C866935D1C4CE1DC003B1F2A /* Expression_57@2x.png */ = {isa = PBXFileReference; lastKnownFileType = image.png; path = "Expression_57@2x.png"; sourceTree = "<group>"; };
		C866935E1C4CE1DC003B1F2A /* Expression_58@2x.png */ = {isa = PBXFileReference; lastKnownFileType = image.png; path = "Expression_58@2x.png"; sourceTree = "<group>"; };
		C866935F1C4CE1DC003B1F2A /* Expression_59@2x.png */ = {isa = PBXFileReference; lastKnownFileType = image.png; path = "Expression_59@2x.png"; sourceTree = "<group>"; };
		C86693601C4CE1DC003B1F2A /* Expression_60@2x.png */ = {isa = PBXFileReference; lastKnownFileType = image.png; path = "Expression_60@2x.png"; sourceTree = "<group>"; };
		C86693611C4CE1DC003B1F2A /* Expression_61@2x.png */ = {isa = PBXFileReference; lastKnownFileType = image.png; path = "Expression_61@2x.png"; sourceTree = "<group>"; };
		C86693621C4CE1DC003B1F2A /* Expression_62@2x.png */ = {isa = PBXFileReference; lastKnownFileType = image.png; path = "Expression_62@2x.png"; sourceTree = "<group>"; };
		C86693631C4CE1DC003B1F2A /* Expression_63@2x.png */ = {isa = PBXFileReference; lastKnownFileType = image.png; path = "Expression_63@2x.png"; sourceTree = "<group>"; };
		C86693641C4CE1DC003B1F2A /* Expression_64@2x.png */ = {isa = PBXFileReference; lastKnownFileType = image.png; path = "Expression_64@2x.png"; sourceTree = "<group>"; };
		C86693651C4CE1DC003B1F2A /* Expression_65@2x.png */ = {isa = PBXFileReference; lastKnownFileType = image.png; path = "Expression_65@2x.png"; sourceTree = "<group>"; };
		C86693661C4CE1DC003B1F2A /* Expression_66@2x.png */ = {isa = PBXFileReference; lastKnownFileType = image.png; path = "Expression_66@2x.png"; sourceTree = "<group>"; };
		C86693671C4CE1DC003B1F2A /* Expression_67@2x.png */ = {isa = PBXFileReference; lastKnownFileType = image.png; path = "Expression_67@2x.png"; sourceTree = "<group>"; };
		C86693681C4CE1DC003B1F2A /* Expression_68@2x.png */ = {isa = PBXFileReference; lastKnownFileType = image.png; path = "Expression_68@2x.png"; sourceTree = "<group>"; };
		C86693691C4CE1DC003B1F2A /* Expression_69@2x.png */ = {isa = PBXFileReference; lastKnownFileType = image.png; path = "Expression_69@2x.png"; sourceTree = "<group>"; };
		C866936A1C4CE1DC003B1F2A /* Expression_70@2x.png */ = {isa = PBXFileReference; lastKnownFileType = image.png; path = "Expression_70@2x.png"; sourceTree = "<group>"; };
		C866936B1C4CE1DC003B1F2A /* Expression_71@2x.png */ = {isa = PBXFileReference; lastKnownFileType = image.png; path = "Expression_71@2x.png"; sourceTree = "<group>"; };
		C866936C1C4CE1DC003B1F2A /* Expression_72@2x.png */ = {isa = PBXFileReference; lastKnownFileType = image.png; path = "Expression_72@2x.png"; sourceTree = "<group>"; };
		C866936D1C4CE1DC003B1F2A /* Expression_73@2x.png */ = {isa = PBXFileReference; lastKnownFileType = image.png; path = "Expression_73@2x.png"; sourceTree = "<group>"; };
		C866936E1C4CE1DC003B1F2A /* Expression_74@2x.png */ = {isa = PBXFileReference; lastKnownFileType = image.png; path = "Expression_74@2x.png"; sourceTree = "<group>"; };
		C866936F1C4CE1DC003B1F2A /* Expression_75@2x.png */ = {isa = PBXFileReference; lastKnownFileType = image.png; path = "Expression_75@2x.png"; sourceTree = "<group>"; };
		C86693701C4CE1DC003B1F2A /* Expression_76@2x.png */ = {isa = PBXFileReference; lastKnownFileType = image.png; path = "Expression_76@2x.png"; sourceTree = "<group>"; };
		C86693711C4CE1DC003B1F2A /* Expression_77@2x.png */ = {isa = PBXFileReference; lastKnownFileType = image.png; path = "Expression_77@2x.png"; sourceTree = "<group>"; };
		C86693721C4CE1DC003B1F2A /* Expression_78@2x.png */ = {isa = PBXFileReference; lastKnownFileType = image.png; path = "Expression_78@2x.png"; sourceTree = "<group>"; };
		C86693731C4CE1DC003B1F2A /* Expression_79@2x.png */ = {isa = PBXFileReference; lastKnownFileType = image.png; path = "Expression_79@2x.png"; sourceTree = "<group>"; };
		C86693741C4CE1DC003B1F2A /* Expression_80@2x.png */ = {isa = PBXFileReference; lastKnownFileType = image.png; path = "Expression_80@2x.png"; sourceTree = "<group>"; };
		C86693751C4CE1DC003B1F2A /* Expression_81@2x.png */ = {isa = PBXFileReference; lastKnownFileType = image.png; path = "Expression_81@2x.png"; sourceTree = "<group>"; };
		C86693761C4CE1DC003B1F2A /* Expression_82@2x.png */ = {isa = PBXFileReference; lastKnownFileType = image.png; path = "Expression_82@2x.png"; sourceTree = "<group>"; };
		C86693771C4CE1DC003B1F2A /* Expression_83@2x.png */ = {isa = PBXFileReference; lastKnownFileType = image.png; path = "Expression_83@2x.png"; sourceTree = "<group>"; };
		C86693781C4CE1DC003B1F2A /* Expression_84@2x.png */ = {isa = PBXFileReference; lastKnownFileType = image.png; path = "Expression_84@2x.png"; sourceTree = "<group>"; };
		C86693791C4CE1DC003B1F2A /* Expression_85@2x.png */ = {isa = PBXFileReference; lastKnownFileType = image.png; path = "Expression_85@2x.png"; sourceTree = "<group>"; };
		C866937A1C4CE1DC003B1F2A /* Expression_86@2x.png */ = {isa = PBXFileReference; lastKnownFileType = image.png; path = "Expression_86@2x.png"; sourceTree = "<group>"; };
		C866937B1C4CE1DC003B1F2A /* Expression_87@2x.png */ = {isa = PBXFileReference; lastKnownFileType = image.png; path = "Expression_87@2x.png"; sourceTree = "<group>"; };
		C866937C1C4CE1DC003B1F2A /* Expression_88@2x.png */ = {isa = PBXFileReference; lastKnownFileType = image.png; path = "Expression_88@2x.png"; sourceTree = "<group>"; };
		C866937D1C4CE1DC003B1F2A /* Expression_89@2x.png */ = {isa = PBXFileReference; lastKnownFileType = image.png; path = "Expression_89@2x.png"; sourceTree = "<group>"; };
		C866937E1C4CE1DC003B1F2A /* Expression_90@2x.png */ = {isa = PBXFileReference; lastKnownFileType = image.png; path = "Expression_90@2x.png"; sourceTree = "<group>"; };
		C866937F1C4CE1DC003B1F2A /* Expression_91@2x.png */ = {isa = PBXFileReference; lastKnownFileType = image.png; path = "Expression_91@2x.png"; sourceTree = "<group>"; };
		C86693801C4CE1DC003B1F2A /* Expression_92@2x.png */ = {isa = PBXFileReference; lastKnownFileType = image.png; path = "Expression_92@2x.png"; sourceTree = "<group>"; };
		C86693811C4CE1DC003B1F2A /* Expression_93@2x.png */ = {isa = PBXFileReference; lastKnownFileType = image.png; path = "Expression_93@2x.png"; sourceTree = "<group>"; };
		C86693821C4CE1DC003B1F2A /* Expression_94@2x.png */ = {isa = PBXFileReference; lastKnownFileType = image.png; path = "Expression_94@2x.png"; sourceTree = "<group>"; };
		C86693831C4CE1DC003B1F2A /* Expression_95@2x.png */ = {isa = PBXFileReference; lastKnownFileType = image.png; path = "Expression_95@2x.png"; sourceTree = "<group>"; };
		C86693841C4CE1DC003B1F2A /* Expression_96@2x.png */ = {isa = PBXFileReference; lastKnownFileType = image.png; path = "Expression_96@2x.png"; sourceTree = "<group>"; };
		C86693851C4CE1DC003B1F2A /* Expression_97@2x.png */ = {isa = PBXFileReference; lastKnownFileType = image.png; path = "Expression_97@2x.png"; sourceTree = "<group>"; };
		C86693861C4CE1DC003B1F2A /* Expression_98@2x.png */ = {isa = PBXFileReference; lastKnownFileType = image.png; path = "Expression_98@2x.png"; sourceTree = "<group>"; };
		C86693871C4CE1DC003B1F2A /* Expression_99@2x.png */ = {isa = PBXFileReference; lastKnownFileType = image.png; path = "Expression_99@2x.png"; sourceTree = "<group>"; };
		C86693881C4CE1DC003B1F2A /* Expression_100@2x.png */ = {isa = PBXFileReference; lastKnownFileType = image.png; path = "Expression_100@2x.png"; sourceTree = "<group>"; };
/* End PBXFileReference section */

/* Begin PBXFrameworksBuildPhase section */
		C84216621C3BCF8900680C8E /* Frameworks */ = {
			isa = PBXFrameworksBuildPhase;
			buildActionMask = 2147483647;
			files = (
			);
			runOnlyForDeploymentPostprocessing = 0;
		};
		C842167B1C3BCF8900680C8E /* Frameworks */ = {
			isa = PBXFrameworksBuildPhase;
			buildActionMask = 2147483647;
			files = (
			);
			runOnlyForDeploymentPostprocessing = 0;
		};
/* End PBXFrameworksBuildPhase section */

/* Begin PBXGroup section */
		C842165C1C3BCF8900680C8E = {
			isa = PBXGroup;
			children = (
				C84216671C3BCF8900680C8E /* NHTest */,
				C84216811C3BCF8900680C8E /* NHTestTests */,
				C84216661C3BCF8900680C8E /* Products */,
			);
			sourceTree = "<group>";
		};
		C84216661C3BCF8900680C8E /* Products */ = {
			isa = PBXGroup;
			children = (
				C84216651C3BCF8900680C8E /* NHTest.app */,
				C842167E1C3BCF8900680C8E /* NHTestTests.xctest */,
			);
			name = Products;
			sourceTree = "<group>";
		};
		C84216671C3BCF8900680C8E /* NHTest */ = {
			isa = PBXGroup;
			children = (
				C842166B1C3BCF8900680C8E /* AppDelegate.h */,
				C842166C1C3BCF8900680C8E /* AppDelegate.m */,
				C842166E1C3BCF8900680C8E /* ViewController.h */,
				C842166F1C3BCF8900680C8E /* ViewController.m */,
				C8667ECD1C48C94800521066 /* cityPlist.plist */,
				C8667ECB1C48AE1000521066 /* area.plist */,
				C86693251C4CE1DC003B1F2A /* Expression_1@2x.png */,
				C86693261C4CE1DC003B1F2A /* Expression_2@2x.png */,
				C86693271C4CE1DC003B1F2A /* Expression_3@2x.png */,
				C86693281C4CE1DC003B1F2A /* Expression_4@2x.png */,
				C86693291C4CE1DC003B1F2A /* Expression_5@2x.png */,
				C866932A1C4CE1DC003B1F2A /* Expression_6@2x.png */,
				C866932B1C4CE1DC003B1F2A /* Expression_7@2x.png */,
				C866932C1C4CE1DC003B1F2A /* Expression_8@2x.png */,
				C866932D1C4CE1DC003B1F2A /* Expression_9@2x.png */,
				C866932E1C4CE1DC003B1F2A /* Expression_10@2x.png */,
				C866932F1C4CE1DC003B1F2A /* Expression_11@2x.png */,
				C86693301C4CE1DC003B1F2A /* Expression_12@2x.png */,
				C86693311C4CE1DC003B1F2A /* Expression_13@2x.png */,
				C86693321C4CE1DC003B1F2A /* Expression_14@2x.png */,
				C86693331C4CE1DC003B1F2A /* Expression_15@2x.png */,
				C86693341C4CE1DC003B1F2A /* Expression_16@2x.png */,
				C86693351C4CE1DC003B1F2A /* Expression_17@2x.png */,
				C86693361C4CE1DC003B1F2A /* Expression_18@2x.png */,
				C86693371C4CE1DC003B1F2A /* Expression_19@2x.png */,
				C86693381C4CE1DC003B1F2A /* Expression_20@2x.png */,
				C86693391C4CE1DC003B1F2A /* Expression_21@2x.png */,
				C866933A1C4CE1DC003B1F2A /* Expression_22@2x.png */,
				C866933B1C4CE1DC003B1F2A /* Expression_23@2x.png */,
				C866933C1C4CE1DC003B1F2A /* Expression_24@2x.png */,
				C866933D1C4CE1DC003B1F2A /* Expression_25@2x.png */,
				C866933E1C4CE1DC003B1F2A /* Expression_26@2x.png */,
				C866933F1C4CE1DC003B1F2A /* Expression_27@2x.png */,
				C86693401C4CE1DC003B1F2A /* Expression_28@2x.png */,
				C86693411C4CE1DC003B1F2A /* Expression_29@2x.png */,
				C86693421C4CE1DC003B1F2A /* Expression_30@2x.png */,
				C86693431C4CE1DC003B1F2A /* Expression_31@2x.png */,
				C86693441C4CE1DC003B1F2A /* Expression_32@2x.png */,
				C86693451C4CE1DC003B1F2A /* Expression_33@2x.png */,
				C86693461C4CE1DC003B1F2A /* Expression_34@2x.png */,
				C86693471C4CE1DC003B1F2A /* Expression_35@2x.png */,
				C86693481C4CE1DC003B1F2A /* Expression_36@2x.png */,
				C86693491C4CE1DC003B1F2A /* Expression_37@2x.png */,
				C866934A1C4CE1DC003B1F2A /* Expression_38@2x.png */,
				C866934B1C4CE1DC003B1F2A /* Expression_39@2x.png */,
				C866934C1C4CE1DC003B1F2A /* Expression_40@2x.png */,
				C866934D1C4CE1DC003B1F2A /* Expression_41@2x.png */,
				C866934E1C4CE1DC003B1F2A /* Expression_42@2x.png */,
				C866934F1C4CE1DC003B1F2A /* Expression_43@2x.png */,
				C86693501C4CE1DC003B1F2A /* Expression_44@2x.png */,
				C86693511C4CE1DC003B1F2A /* Expression_45@2x.png */,
				C86693521C4CE1DC003B1F2A /* Expression_46@2x.png */,
				C86693531C4CE1DC003B1F2A /* Expression_47@2x.png */,
				C86693541C4CE1DC003B1F2A /* Expression_48@2x.png */,
				C86693551C4CE1DC003B1F2A /* Expression_49@2x.png */,
				C86693561C4CE1DC003B1F2A /* Expression_50@2x.png */,
				C86693571C4CE1DC003B1F2A /* Expression_51@2x.png */,
				C86693581C4CE1DC003B1F2A /* Expression_52@2x.png */,
				C86693591C4CE1DC003B1F2A /* Expression_53@2x.png */,
				C866935A1C4CE1DC003B1F2A /* Expression_54@2x.png */,
				C866935B1C4CE1DC003B1F2A /* Expression_55@2x.png */,
				C866935C1C4CE1DC003B1F2A /* Expression_56@2x.png */,
				C866935D1C4CE1DC003B1F2A /* Expression_57@2x.png */,
				C866935E1C4CE1DC003B1F2A /* Expression_58@2x.png */,
				C866935F1C4CE1DC003B1F2A /* Expression_59@2x.png */,
				C86693601C4CE1DC003B1F2A /* Expression_60@2x.png */,
				C86693611C4CE1DC003B1F2A /* Expression_61@2x.png */,
				C86693621C4CE1DC003B1F2A /* Expression_62@2x.png */,
				C86693631C4CE1DC003B1F2A /* Expression_63@2x.png */,
				C86693641C4CE1DC003B1F2A /* Expression_64@2x.png */,
				C86693651C4CE1DC003B1F2A /* Expression_65@2x.png */,
				C86693661C4CE1DC003B1F2A /* Expression_66@2x.png */,
				C86693671C4CE1DC003B1F2A /* Expression_67@2x.png */,
				C86693681C4CE1DC003B1F2A /* Expression_68@2x.png */,
				C86693691C4CE1DC003B1F2A /* Expression_69@2x.png */,
				C866936A1C4CE1DC003B1F2A /* Expression_70@2x.png */,
				C866936B1C4CE1DC003B1F2A /* Expression_71@2x.png */,
				C866936C1C4CE1DC003B1F2A /* Expression_72@2x.png */,
				C866936D1C4CE1DC003B1F2A /* Expression_73@2x.png */,
				C866936E1C4CE1DC003B1F2A /* Expression_74@2x.png */,
				C866936F1C4CE1DC003B1F2A /* Expression_75@2x.png */,
				C86693701C4CE1DC003B1F2A /* Expression_76@2x.png */,
				C86693711C4CE1DC003B1F2A /* Expression_77@2x.png */,
				C86693721C4CE1DC003B1F2A /* Expression_78@2x.png */,
				C86693731C4CE1DC003B1F2A /* Expression_79@2x.png */,
				C86693741C4CE1DC003B1F2A /* Expression_80@2x.png */,
				C86693751C4CE1DC003B1F2A /* Expression_81@2x.png */,
				C86693761C4CE1DC003B1F2A /* Expression_82@2x.png */,
				C86693771C4CE1DC003B1F2A /* Expression_83@2x.png */,
				C86693781C4CE1DC003B1F2A /* Expression_84@2x.png */,
				C86693791C4CE1DC003B1F2A /* Expression_85@2x.png */,
				C866937A1C4CE1DC003B1F2A /* Expression_86@2x.png */,
				C866937B1C4CE1DC003B1F2A /* Expression_87@2x.png */,
				C866937C1C4CE1DC003B1F2A /* Expression_88@2x.png */,
				C866937D1C4CE1DC003B1F2A /* Expression_89@2x.png */,
				C866937E1C4CE1DC003B1F2A /* Expression_90@2x.png */,
				C866937F1C4CE1DC003B1F2A /* Expression_91@2x.png */,
				C86693801C4CE1DC003B1F2A /* Expression_92@2x.png */,
				C86693811C4CE1DC003B1F2A /* Expression_93@2x.png */,
				C86693821C4CE1DC003B1F2A /* Expression_94@2x.png */,
				C86693831C4CE1DC003B1F2A /* Expression_95@2x.png */,
				C86693841C4CE1DC003B1F2A /* Expression_96@2x.png */,
				C86693851C4CE1DC003B1F2A /* Expression_97@2x.png */,
				C86693861C4CE1DC003B1F2A /* Expression_98@2x.png */,
				C86693871C4CE1DC003B1F2A /* Expression_99@2x.png */,
				C86693881C4CE1DC003B1F2A /* Expression_100@2x.png */,
				C84216711C3BCF8900680C8E /* Main.storyboard */,
				C84216741C3BCF8900680C8E /* Assets.xcassets */,
				C84216761C3BCF8900680C8E /* LaunchScreen.storyboard */,
				C84216791C3BCF8900680C8E /* Info.plist */,
				C84216681C3BCF8900680C8E /* Supporting Files */,
			);
			path = NHTest;
			sourceTree = "<group>";
		};
		C84216681C3BCF8900680C8E /* Supporting Files */ = {
			isa = PBXGroup;
			children = (
				C84216691C3BCF8900680C8E /* main.m */,
			);
			name = "Supporting Files";
			sourceTree = "<group>";
		};
		C84216811C3BCF8900680C8E /* NHTestTests */ = {
			isa = PBXGroup;
			children = (
				C84216821C3BCF8900680C8E /* NHTestTests.m */,
				C84216841C3BCF8900680C8E /* Info.plist */,
			);
			path = NHTestTests;
			sourceTree = "<group>";
		};
/* End PBXGroup section */

/* Begin PBXNativeTarget section */
		C84216641C3BCF8900680C8E /* NHTest */ = {
			isa = PBXNativeTarget;
			buildConfigurationList = C84216871C3BCF8900680C8E /* Build configuration list for PBXNativeTarget "NHTest" */;
			buildPhases = (
				C84216611C3BCF8900680C8E /* Sources */,
				C84216621C3BCF8900680C8E /* Frameworks */,
				C84216631C3BCF8900680C8E /* Resources */,
			);
			buildRules = (
			);
			dependencies = (
			);
			name = NHTest;
			productName = NHTest;
			productReference = C84216651C3BCF8900680C8E /* NHTest.app */;
			productType = "com.apple.product-type.application";
		};
		C842167D1C3BCF8900680C8E /* NHTestTests */ = {
			isa = PBXNativeTarget;
			buildConfigurationList = C842168A1C3BCF8900680C8E /* Build configuration list for PBXNativeTarget "NHTestTests" */;
			buildPhases = (
				C842167A1C3BCF8900680C8E /* Sources */,
				C842167B1C3BCF8900680C8E /* Frameworks */,
				C842167C1C3BCF8900680C8E /* Resources */,
			);
			buildRules = (
			);
			dependencies = (
				C84216801C3BCF8900680C8E /* PBXTargetDependency */,
			);
			name = NHTestTests;
			productName = NHTestTests;
			productReference = C842167E1C3BCF8900680C8E /* NHTestTests.xctest */;
			productType = "com.apple.product-type.bundle.unit-test";
		};
/* End PBXNativeTarget section */

/* Begin PBXProject section */
		C842165D1C3BCF8900680C8E /* Project object */ = {
			isa = PBXProject;
			attributes = {
				LastUpgradeCheck = 0720;
				ORGANIZATIONNAME = "Wilson-Yuan";
				TargetAttributes = {
					C84216641C3BCF8900680C8E = {
						CreatedOnToolsVersion = 7.2;
					};
					C842167D1C3BCF8900680C8E = {
						CreatedOnToolsVersion = 7.2;
						TestTargetID = C84216641C3BCF8900680C8E;
					};
				};
			};
			buildConfigurationList = C84216601C3BCF8900680C8E /* Build configuration list for PBXProject "NHTest" */;
			compatibilityVersion = "Xcode 3.2";
			developmentRegion = English;
			hasScannedForEncodings = 0;
			knownRegions = (
				en,
				Base,
			);
			mainGroup = C842165C1C3BCF8900680C8E;
			productRefGroup = C84216661C3BCF8900680C8E /* Products */;
			projectDirPath = "";
			projectRoot = "";
			targets = (
				C84216641C3BCF8900680C8E /* NHTest */,
				C842167D1C3BCF8900680C8E /* NHTestTests */,
			);
		};
/* End PBXProject section */

/* Begin PBXResourcesBuildPhase section */
		C84216631C3BCF8900680C8E /* Resources */ = {
			isa = PBXResourcesBuildPhase;
			buildActionMask = 2147483647;
			files = (
				C84216781C3BCF8900680C8E /* LaunchScreen.storyboard in Resources */,
				C86693B11C4CE1DD003B1F2A /* Expression_41@2x.png in Resources */,
				C86693C11C4CE1DD003B1F2A /* Expression_57@2x.png in Resources */,
				C8667ECC1C48AE1000521066 /* area.plist in Resources */,
				C86693B71C4CE1DD003B1F2A /* Expression_47@2x.png in Resources */,
				C86693971C4CE1DC003B1F2A /* Expression_15@2x.png in Resources */,
				C86693A81C4CE1DC003B1F2A /* Expression_32@2x.png in Resources */,
				C86693B51C4CE1DD003B1F2A /* Expression_45@2x.png in Resources */,
				C86693E91C4CE1DD003B1F2A /* Expression_97@2x.png in Resources */,
				C86693D01C4CE1DD003B1F2A /* Expression_72@2x.png in Resources */,
				C86693D81C4CE1DD003B1F2A /* Expression_80@2x.png in Resources */,
				C86693931C4CE1DC003B1F2A /* Expression_11@2x.png in Resources */,
				C86693DB1C4CE1DD003B1F2A /* Expression_83@2x.png in Resources */,
				C86693D11C4CE1DD003B1F2A /* Expression_73@2x.png in Resources */,
				C86693C71C4CE1DD003B1F2A /* Expression_63@2x.png in Resources */,
				C86693D31C4CE1DD003B1F2A /* Expression_75@2x.png in Resources */,
				C86693901C4CE1DC003B1F2A /* Expression_8@2x.png in Resources */,
				C86693C91C4CE1DD003B1F2A /* Expression_65@2x.png in Resources */,
				C86693B31C4CE1DD003B1F2A /* Expression_43@2x.png in Resources */,
				C86693D51C4CE1DD003B1F2A /* Expression_77@2x.png in Resources */,
				C86693E81C4CE1DD003B1F2A /* Expression_96@2x.png in Resources */,
				C86693CD1C4CE1DD003B1F2A /* Expression_69@2x.png in Resources */,
				C86693CA1C4CE1DD003B1F2A /* Expression_66@2x.png in Resources */,
				C86693D41C4CE1DD003B1F2A /* Expression_76@2x.png in Resources */,
				C86693D91C4CE1DD003B1F2A /* Expression_81@2x.png in Resources */,
				C86693BF1C4CE1DD003B1F2A /* Expression_55@2x.png in Resources */,
				C86693D61C4CE1DD003B1F2A /* Expression_78@2x.png in Resources */,
				C86693BD1C4CE1DD003B1F2A /* Expression_53@2x.png in Resources */,
				C86693AC1C4CE1DD003B1F2A /* Expression_36@2x.png in Resources */,
				C866939F1C4CE1DC003B1F2A /* Expression_23@2x.png in Resources */,
				C866938B1C4CE1DC003B1F2A /* Expression_3@2x.png in Resources */,
				C86693C21C4CE1DD003B1F2A /* Expression_58@2x.png in Resources */,
				C86693B81C4CE1DD003B1F2A /* Expression_48@2x.png in Resources */,
				C866938A1C4CE1DC003B1F2A /* Expression_2@2x.png in Resources */,
				C86693B91C4CE1DD003B1F2A /* Expression_49@2x.png in Resources */,
				C86693AA1C4CE1DD003B1F2A /* Expression_34@2x.png in Resources */,
				C84216751C3BCF8900680C8E /* Assets.xcassets in Resources */,
				C86693A31C4CE1DC003B1F2A /* Expression_27@2x.png in Resources */,
				C86693E61C4CE1DD003B1F2A /* Expression_94@2x.png in Resources */,
				C86693A41C4CE1DC003B1F2A /* Expression_28@2x.png in Resources */,
				C86693BE1C4CE1DD003B1F2A /* Expression_54@2x.png in Resources */,
				C86693BC1C4CE1DD003B1F2A /* Expression_52@2x.png in Resources */,
				C86693E11C4CE1DD003B1F2A /* Expression_89@2x.png in Resources */,
				C86693E51C4CE1DD003B1F2A /* Expression_93@2x.png in Resources */,
				C86693E41C4CE1DD003B1F2A /* Expression_92@2x.png in Resources */,
				C86693B41C4CE1DD003B1F2A /* Expression_44@2x.png in Resources */,
				C86693C51C4CE1DD003B1F2A /* Expression_61@2x.png in Resources */,
				C86693E31C4CE1DD003B1F2A /* Expression_91@2x.png in Resources */,
				C866938E1C4CE1DC003B1F2A /* Expression_6@2x.png in Resources */,
				C86693A71C4CE1DC003B1F2A /* Expression_31@2x.png in Resources */,
				C86693DE1C4CE1DD003B1F2A /* Expression_86@2x.png in Resources */,
				C86693921C4CE1DC003B1F2A /* Expression_10@2x.png in Resources */,
				C86693B21C4CE1DD003B1F2A /* Expression_42@2x.png in Resources */,
				C86693CC1C4CE1DD003B1F2A /* Expression_68@2x.png in Resources */,
				C86693C81C4CE1DD003B1F2A /* Expression_64@2x.png in Resources */,
				C86693DC1C4CE1DD003B1F2A /* Expression_84@2x.png in Resources */,
				C86693941C4CE1DC003B1F2A /* Expression_12@2x.png in Resources */,
				C86693A61C4CE1DC003B1F2A /* Expression_30@2x.png in Resources */,
				C866939E1C4CE1DC003B1F2A /* Expression_22@2x.png in Resources */,
				C86693951C4CE1DC003B1F2A /* Expression_13@2x.png in Resources */,
				C86693DA1C4CE1DD003B1F2A /* Expression_82@2x.png in Resources */,
				C86693EA1C4CE1DD003B1F2A /* Expression_98@2x.png in Resources */,
				C86693D71C4CE1DD003B1F2A /* Expression_79@2x.png in Resources */,
				C866938F1C4CE1DC003B1F2A /* Expression_7@2x.png in Resources */,
				C86693C01C4CE1DD003B1F2A /* Expression_56@2x.png in Resources */,
				C86693911C4CE1DC003B1F2A /* Expression_9@2x.png in Resources */,
				C86693EB1C4CE1DD003B1F2A /* Expression_99@2x.png in Resources */,
				C86693961C4CE1DC003B1F2A /* Expression_14@2x.png in Resources */,
				C86693DF1C4CE1DD003B1F2A /* Expression_87@2x.png in Resources */,
				C86693AF1C4CE1DD003B1F2A /* Expression_39@2x.png in Resources */,
				C86693981C4CE1DC003B1F2A /* Expression_16@2x.png in Resources */,
				C86693AB1C4CE1DD003B1F2A /* Expression_35@2x.png in Resources */,
				C86693AE1C4CE1DD003B1F2A /* Expression_38@2x.png in Resources */,
				C86693E21C4CE1DD003B1F2A /* Expression_90@2x.png in Resources */,
				C86693AD1C4CE1DD003B1F2A /* Expression_37@2x.png in Resources */,
				C86693A21C4CE1DC003B1F2A /* Expression_26@2x.png in Resources */,
				C86693CF1C4CE1DD003B1F2A /* Expression_71@2x.png in Resources */,
				C866939A1C4CE1DC003B1F2A /* Expression_18@2x.png in Resources */,
				C86693C31C4CE1DD003B1F2A /* Expression_59@2x.png in Resources */,
				C866938C1C4CE1DC003B1F2A /* Expression_4@2x.png in Resources */,
				C86693CB1C4CE1DD003B1F2A /* Expression_67@2x.png in Resources */,
				C86693A91C4CE1DD003B1F2A /* Expression_33@2x.png in Resources */,
				C866939C1C4CE1DC003B1F2A /* Expression_20@2x.png in Resources */,
				C866939B1C4CE1DC003B1F2A /* Expression_19@2x.png in Resources */,
				C86693A51C4CE1DC003B1F2A /* Expression_29@2x.png in Resources */,
				C86693DD1C4CE1DD003B1F2A /* Expression_85@2x.png in Resources */,
				C86693C41C4CE1DD003B1F2A /* Expression_60@2x.png in Resources */,
				C84216731C3BCF8900680C8E /* Main.storyboard in Resources */,
				C86693B61C4CE1DD003B1F2A /* Expression_46@2x.png in Resources */,
				C86693E01C4CE1DD003B1F2A /* Expression_88@2x.png in Resources */,
				C86693C61C4CE1DD003B1F2A /* Expression_62@2x.png in Resources */,
				C86693EC1C4CE1DD003B1F2A /* Expression_100@2x.png in Resources */,
				C86693BB1C4CE1DD003B1F2A /* Expression_51@2x.png in Resources */,
				C86693BA1C4CE1DD003B1F2A /* Expression_50@2x.png in Resources */,
				C86693A11C4CE1DC003B1F2A /* Expression_25@2x.png in Resources */,
				C86693991C4CE1DC003B1F2A /* Expression_17@2x.png in Resources */,
				C86693891C4CE1DC003B1F2A /* Expression_1@2x.png in Resources */,
				C86693B01C4CE1DD003B1F2A /* Expression_40@2x.png in Resources */,
				C866938D1C4CE1DC003B1F2A /* Expression_5@2x.png in Resources */,
				C86693E71C4CE1DD003B1F2A /* Expression_95@2x.png in Resources */,
				C8667ECE1C48C94800521066 /* cityPlist.plist in Resources */,
				C866939D1C4CE1DC003B1F2A /* Expression_21@2x.png in Resources */,
				C86693CE1C4CE1DD003B1F2A /* Expression_70@2x.png in Resources */,
				C86693A01C4CE1DC003B1F2A /* Expression_24@2x.png in Resources */,
				C86693D21C4CE1DD003B1F2A /* Expression_74@2x.png in Resources */,
			);
			runOnlyForDeploymentPostprocessing = 0;
		};
		C842167C1C3BCF8900680C8E /* Resources */ = {
			isa = PBXResourcesBuildPhase;
			buildActionMask = 2147483647;
			files = (
			);
			runOnlyForDeploymentPostprocessing = 0;
		};
/* End PBXResourcesBuildPhase section */

/* Begin PBXSourcesBuildPhase section */
		C84216611C3BCF8900680C8E /* Sources */ = {
			isa = PBXSourcesBuildPhase;
			buildActionMask = 2147483647;
			files = (
				C84216701C3BCF8900680C8E /* ViewController.m in Sources */,
				C842166D1C3BCF8900680C8E /* AppDelegate.m in Sources */,
				C842166A1C3BCF8900680C8E /* main.m in Sources */,
			);
			runOnlyForDeploymentPostprocessing = 0;
		};
		C842167A1C3BCF8900680C8E /* Sources */ = {
			isa = PBXSourcesBuildPhase;
			buildActionMask = 2147483647;
			files = (
				C84216831C3BCF8900680C8E /* NHTestTests.m in Sources */,
			);
			runOnlyForDeploymentPostprocessing = 0;
		};
/* End PBXSourcesBuildPhase section */

/* Begin PBXTargetDependency section */
		C84216801C3BCF8900680C8E /* PBXTargetDependency */ = {
			isa = PBXTargetDependency;
			target = C84216641C3BCF8900680C8E /* NHTest */;
			targetProxy = C842167F1C3BCF8900680C8E /* PBXContainerItemProxy */;
		};
/* End PBXTargetDependency section */

/* Begin PBXVariantGroup section */
		C84216711C3BCF8900680C8E /* Main.storyboard */ = {
			isa = PBXVariantGroup;
			children = (
				C84216721C3BCF8900680C8E /* Base */,
			);
			name = Main.storyboard;
			sourceTree = "<group>";
		};
		C84216761C3BCF8900680C8E /* LaunchScreen.storyboard */ = {
			isa = PBXVariantGroup;
			children = (
				C84216771C3BCF8900680C8E /* Base */,
			);
			name = LaunchScreen.storyboard;
			sourceTree = "<group>";
		};
/* End PBXVariantGroup section */

/* Begin XCBuildConfiguration section */
		C84216851C3BCF8900680C8E /* Debug */ = {
			isa = XCBuildConfiguration;
			buildSettings = {
				ALWAYS_SEARCH_USER_PATHS = NO;
				CLANG_CXX_LANGUAGE_STANDARD = "gnu++0x";
				CLANG_CXX_LIBRARY = "libc++";
				CLANG_ENABLE_MODULES = YES;
				CLANG_ENABLE_OBJC_ARC = YES;
				CLANG_WARN_BOOL_CONVERSION = YES;
				CLANG_WARN_CONSTANT_CONVERSION = YES;
				CLANG_WARN_DIRECT_OBJC_ISA_USAGE = YES_ERROR;
				CLANG_WARN_EMPTY_BODY = YES;
				CLANG_WARN_ENUM_CONVERSION = YES;
				CLANG_WARN_INT_CONVERSION = YES;
				CLANG_WARN_OBJC_ROOT_CLASS = YES_ERROR;
				CLANG_WARN_UNREACHABLE_CODE = YES;
				CLANG_WARN__DUPLICATE_METHOD_MATCH = YES;
				"CODE_SIGN_IDENTITY[sdk=iphoneos*]" = "iPhone Developer";
				COPY_PHASE_STRIP = NO;
				DEBUG_INFORMATION_FORMAT = dwarf;
				ENABLE_STRICT_OBJC_MSGSEND = YES;
				ENABLE_TESTABILITY = YES;
				GCC_C_LANGUAGE_STANDARD = gnu99;
				GCC_DYNAMIC_NO_PIC = NO;
				GCC_NO_COMMON_BLOCKS = YES;
				GCC_OPTIMIZATION_LEVEL = 0;
				GCC_PREPROCESSOR_DEFINITIONS = (
					"DEBUG=1",
					"$(inherited)",
				);
				GCC_WARN_64_TO_32_BIT_CONVERSION = YES;
				GCC_WARN_ABOUT_RETURN_TYPE = YES_ERROR;
				GCC_WARN_UNDECLARED_SELECTOR = YES;
				GCC_WARN_UNINITIALIZED_AUTOS = YES_AGGRESSIVE;
				GCC_WARN_UNUSED_FUNCTION = YES;
				GCC_WARN_UNUSED_VARIABLE = YES;
				IPHONEOS_DEPLOYMENT_TARGET = 9.2;
				MTL_ENABLE_DEBUG_INFO = YES;
				ONLY_ACTIVE_ARCH = YES;
				SDKROOT = iphoneos;
				TARGETED_DEVICE_FAMILY = "1,2";
			};
			name = Debug;
		};
		C84216861C3BCF8900680C8E /* Release */ = {
			isa = XCBuildConfiguration;
			buildSettings = {
				ALWAYS_SEARCH_USER_PATHS = NO;
				CLANG_CXX_LANGUAGE_STANDARD = "gnu++0x";
				CLANG_CXX_LIBRARY = "libc++";
				CLANG_ENABLE_MODULES = YES;
				CLANG_ENABLE_OBJC_ARC = YES;
				CLANG_WARN_BOOL_CONVERSION = YES;
				CLANG_WARN_CONSTANT_CONVERSION = YES;
				CLANG_WARN_DIRECT_OBJC_ISA_USAGE = YES_ERROR;
				CLANG_WARN_EMPTY_BODY = YES;
				CLANG_WARN_ENUM_CONVERSION = YES;
				CLANG_WARN_INT_CONVERSION = YES;
				CLANG_WARN_OBJC_ROOT_CLASS = YES_ERROR;
				CLANG_WARN_UNREACHABLE_CODE = YES;
				CLANG_WARN__DUPLICATE_METHOD_MATCH = YES;
				"CODE_SIGN_IDENTITY[sdk=iphoneos*]" = "iPhone Developer";
				COPY_PHASE_STRIP = NO;
				DEBUG_INFORMATION_FORMAT = "dwarf-with-dsym";
				ENABLE_NS_ASSERTIONS = NO;
				ENABLE_STRICT_OBJC_MSGSEND = YES;
				GCC_C_LANGUAGE_STANDARD = gnu99;
				GCC_NO_COMMON_BLOCKS = YES;
				GCC_WARN_64_TO_32_BIT_CONVERSION = YES;
				GCC_WARN_ABOUT_RETURN_TYPE = YES_ERROR;
				GCC_WARN_UNDECLARED_SELECTOR = YES;
				GCC_WARN_UNINITIALIZED_AUTOS = YES_AGGRESSIVE;
				GCC_WARN_UNUSED_FUNCTION = YES;
				GCC_WARN_UNUSED_VARIABLE = YES;
				IPHONEOS_DEPLOYMENT_TARGET = 9.2;
				MTL_ENABLE_DEBUG_INFO = NO;
				SDKROOT = iphoneos;
				TARGETED_DEVICE_FAMILY = "1,2";
				VALIDATE_PRODUCT = YES;
			};
			name = Release;
		};
		C84216881C3BCF8900680C8E /* Debug */ = {
			isa = XCBuildConfiguration;
			buildSettings = {
				ASSETCATALOG_COMPILER_APPICON_NAME = AppIcon;
				INFOPLIST_FILE = NHTest/Info.plist;
				LD_RUNPATH_SEARCH_PATHS = "$(inherited) @executable_path/Frameworks";
				PRODUCT_BUNDLE_IDENTIFIER = nihao.NHTest;
				PRODUCT_NAME = "$(TARGET_NAME)";
			};
			name = Debug;
		};
		C84216891C3BCF8900680C8E /* Release */ = {
			isa = XCBuildConfiguration;
			buildSettings = {
				ASSETCATALOG_COMPILER_APPICON_NAME = AppIcon;
				INFOPLIST_FILE = NHTest/Info.plist;
				LD_RUNPATH_SEARCH_PATHS = "$(inherited) @executable_path/Frameworks";
				PRODUCT_BUNDLE_IDENTIFIER = nihao.NHTest;
				PRODUCT_NAME = "$(TARGET_NAME)";
			};
			name = Release;
		};
		C842168B1C3BCF8900680C8E /* Debug */ = {
			isa = XCBuildConfiguration;
			buildSettings = {
				BUNDLE_LOADER = "$(TEST_HOST)";
				INFOPLIST_FILE = NHTestTests/Info.plist;
				LD_RUNPATH_SEARCH_PATHS = "$(inherited) @executable_path/Frameworks @loader_path/Frameworks";
				PRODUCT_BUNDLE_IDENTIFIER = nihao.NHTestTests;
				PRODUCT_NAME = "$(TARGET_NAME)";
				TEST_HOST = "$(BUILT_PRODUCTS_DIR)/NHTest.app/NHTest";
			};
			name = Debug;
		};
		C842168C1C3BCF8900680C8E /* Release */ = {
			isa = XCBuildConfiguration;
			buildSettings = {
				BUNDLE_LOADER = "$(TEST_HOST)";
				INFOPLIST_FILE = NHTestTests/Info.plist;
				LD_RUNPATH_SEARCH_PATHS = "$(inherited) @executable_path/Frameworks @loader_path/Frameworks";
				PRODUCT_BUNDLE_IDENTIFIER = nihao.NHTestTests;
				PRODUCT_NAME = "$(TARGET_NAME)";
				TEST_HOST = "$(BUILT_PRODUCTS_DIR)/NHTest.app/NHTest";
			};
			name = Release;
		};
/* End XCBuildConfiguration section */

/* Begin XCConfigurationList section */
		C84216601C3BCF8900680C8E /* Build configuration list for PBXProject "NHTest" */ = {
			isa = XCConfigurationList;
			buildConfigurations = (
				C84216851C3BCF8900680C8E /* Debug */,
				C84216861C3BCF8900680C8E /* Release */,
			);
			defaultConfigurationIsVisible = 0;
			defaultConfigurationName = Release;
		};
		C84216871C3BCF8900680C8E /* Build configuration list for PBXNativeTarget "NHTest" */ = {
			isa = XCConfigurationList;
			buildConfigurations = (
				C84216881C3BCF8900680C8E /* Debug */,
				C84216891C3BCF8900680C8E /* Release */,
			);
			defaultConfigurationIsVisible = 0;
			defaultConfigurationName = Release;
		};
		C842168A1C3BCF8900680C8E /* Build configuration list for PBXNativeTarget "NHTestTests" */ = {
			isa = XCConfigurationList;
			buildConfigurations = (
				C842168B1C3BCF8900680C8E /* Debug */,
				C842168C1C3BCF8900680C8E /* Release */,
			);
			defaultConfigurationIsVisible = 0;
			defaultConfigurationName = Release;
		};
/* End XCConfigurationList section */
	};
	rootObject = C842165D1C3BCF8900680C8E /* Project object */;
}
